// !$*UTF8*$!
{
	archiveVersion = 1;
	classes = {
	};
	objectVersion = 50;
	objects = {

/* Begin PBXBuildFile section */
		8F42A25A264A24B2004FA731 /* AppDelegate.swift in Sources */ = {isa = PBXBuildFile; fileRef = 8F42A259264A24B2004FA731 /* AppDelegate.swift */; };
		8F42A25C264A24B2004FA731 /* SceneDelegate.swift in Sources */ = {isa = PBXBuildFile; fileRef = 8F42A25B264A24B2004FA731 /* SceneDelegate.swift */; };
		8F42A261264A24B2004FA731 /* Main.storyboard in Resources */ = {isa = PBXBuildFile; fileRef = 8F42A25F264A24B2004FA731 /* Main.storyboard */; };
		8F42A263264A24BA004FA731 /* Assets.xcassets in Resources */ = {isa = PBXBuildFile; fileRef = 8F42A262264A24BA004FA731 /* Assets.xcassets */; };
		8F42A266264A24BA004FA731 /* LaunchScreen.storyboard in Resources */ = {isa = PBXBuildFile; fileRef = 8F42A264264A24BA004FA731 /* LaunchScreen.storyboard */; };
		8F4C2BA9264C96E40080679A /* Shashinki.swift in Sources */ = {isa = PBXBuildFile; fileRef = 8F4C2BA8264C96E40080679A /* Shashinki.swift */; };
		8F6811C32651BA1700DD07B3 /* Shashinki+Configurations.swift in Sources */ = {isa = PBXBuildFile; fileRef = 8F6811C22651BA1700DD07B3 /* Shashinki+Configurations.swift */; };
		8F6811C82651C57E00DD07B3 /* Aviational+MapType.swift in Sources */ = {isa = PBXBuildFile; fileRef = 8F6811C72651C57E00DD07B3 /* Aviational+MapType.swift */; };
		8F816A992678442200A0C681 /* UsefulUIComponents.swift in Sources */ = {isa = PBXBuildFile; fileRef = 8F816A982678442200A0C681 /* UsefulUIComponents.swift */; };
		8F9650BF264E191F0043CFBF /* IntricateOperators.swift in Sources */ = {isa = PBXBuildFile; fileRef = 8F9650BE264E191F0043CFBF /* IntricateOperators.swift */; };
		8F9EA4A12651D39E005DCCF3 /* AviationalChizuViewController.swift in Sources */ = {isa = PBXBuildFile; fileRef = 8F9EA4A02651D39E005DCCF3 /* AviationalChizuViewController.swift */; };
		8FB2FB63266C7E3800FDA46F /* Flyover+Operators.swift in Sources */ = {isa = PBXBuildFile; fileRef = 8FB2FB56266C7E3800FDA46F /* Flyover+Operators.swift */; };
		8FB2FB64266C7E3800FDA46F /* FlyoverCamera.swift in Sources */ = {isa = PBXBuildFile; fileRef = 8FB2FB58266C7E3800FDA46F /* FlyoverCamera.swift */; };
		8FB2FB65266C7E3900FDA46F /* FlyoverCamera+State.swift in Sources */ = {isa = PBXBuildFile; fileRef = 8FB2FB59266C7E3800FDA46F /* FlyoverCamera+State.swift */; };
		8FB2FB66266C7E3900FDA46F /* FlyoverCamera+Configuration.swift in Sources */ = {isa = PBXBuildFile; fileRef = 8FB2FB5A266C7E3800FDA46F /* FlyoverCamera+Configuration.swift */; };
		8FB2FB67266C7E3900FDA46F /* FlyoverCamera+RegionChangeAnimation.swift in Sources */ = {isa = PBXBuildFile; fileRef = 8FB2FB5B266C7E3800FDA46F /* FlyoverCamera+RegionChangeAnimation.swift */; };
		8FB2FB68266C7E3900FDA46F /* Flyover.swift in Sources */ = {isa = PBXBuildFile; fileRef = 8FB2FB5C266C7E3800FDA46F /* Flyover.swift */; };
		8FB2FB69266C7E3900FDA46F /* FlyoverAwesomePlace.swift in Sources */ = {isa = PBXBuildFile; fileRef = 8FB2FB5E266C7E3800FDA46F /* FlyoverAwesomePlace.swift */; };
		8FB2FB6A266C7E3900FDA46F /* FlyoverMapView+MapType.swift in Sources */ = {isa = PBXBuildFile; fileRef = 8FB2FB60266C7E3800FDA46F /* FlyoverMapView+MapType.swift */; };
		8FB2FB6B266C7E3900FDA46F /* FlyoverMapViewController.swift in Sources */ = {isa = PBXBuildFile; fileRef = 8FB2FB61266C7E3800FDA46F /* FlyoverMapViewController.swift */; };
		8FB2FB6C266C7E3900FDA46F /* FlyoverMapView.swift in Sources */ = {isa = PBXBuildFile; fileRef = 8FB2FB62266C7E3800FDA46F /* FlyoverMapView.swift */; };
		8FC7FCB8264A2A2300B765BD /* LevitationalViewController.swift in Sources */ = {isa = PBXBuildFile; fileRef = 8FC7FCB7264A2A2100B765BD /* LevitationalViewController.swift */; };
		8FC7FCBE264A379F00B765BD /* AviationalMap.swift in Sources */ = {isa = PBXBuildFile; fileRef = 8FC7FCBD264A379F00B765BD /* AviationalMap.swift */; };
		8FC7FCC3264A3AF200B765BD /* Levitational.swift in Sources */ = {isa = PBXBuildFile; fileRef = 8FC7FCC2264A3AF200B765BD /* Levitational.swift */; };
		8FE144DE267A35F40032AB41 /* BindBoxObservables.swift in Sources */ = {isa = PBXBuildFile; fileRef = 8FE144DD267A35F40032AB41 /* BindBoxObservables.swift */; };
		8FF44D05264F7DC000FECFCD /* Shashinki+State.swift in Sources */ = {isa = PBXBuildFile; fileRef = 8FF44D04264F7DC000FECFCD /* Shashinki+State.swift */; };
/* End PBXBuildFile section */

/* Begin PBXFileReference section */
		8F42A256264A24B2004FA731 /* Levitation.app */ = {isa = PBXFileReference; explicitFileType = wrapper.application; includeInIndex = 0; path = Levitation.app; sourceTree = BUILT_PRODUCTS_DIR; };
		8F42A259264A24B2004FA731 /* AppDelegate.swift */ = {isa = PBXFileReference; lastKnownFileType = sourcecode.swift; path = AppDelegate.swift; sourceTree = "<group>"; };
		8F42A25B264A24B2004FA731 /* SceneDelegate.swift */ = {isa = PBXFileReference; lastKnownFileType = sourcecode.swift; path = SceneDelegate.swift; sourceTree = "<group>"; };
		8F42A260264A24B2004FA731 /* Base */ = {isa = PBXFileReference; lastKnownFileType = file.storyboard; name = Base; path = Base.lproj/Main.storyboard; sourceTree = "<group>"; };
		8F42A262264A24BA004FA731 /* Assets.xcassets */ = {isa = PBXFileReference; lastKnownFileType = folder.assetcatalog; path = Assets.xcassets; sourceTree = "<group>"; };
		8F42A265264A24BA004FA731 /* Base */ = {isa = PBXFileReference; lastKnownFileType = file.storyboard; name = Base; path = Base.lproj/LaunchScreen.storyboard; sourceTree = "<group>"; };
		8F42A267264A24BA004FA731 /* Info.plist */ = {isa = PBXFileReference; lastKnownFileType = text.plist.xml; path = Info.plist; sourceTree = "<group>"; };
		8F4C2BA8264C96E40080679A /* Shashinki.swift */ = {isa = PBXFileReference; lastKnownFileType = sourcecode.swift; path = Shashinki.swift; sourceTree = "<group>"; };
		8F6811C22651BA1700DD07B3 /* Shashinki+Configurations.swift */ = {isa = PBXFileReference; lastKnownFileType = sourcecode.swift; path = "Shashinki+Configurations.swift"; sourceTree = "<group>"; };
		8F6811C72651C57E00DD07B3 /* Aviational+MapType.swift */ = {isa = PBXFileReference; lastKnownFileType = sourcecode.swift; path = "Aviational+MapType.swift"; sourceTree = "<group>"; };
		8F816A982678442200A0C681 /* UsefulUIComponents.swift */ = {isa = PBXFileReference; lastKnownFileType = sourcecode.swift; path = UsefulUIComponents.swift; sourceTree = "<group>"; };
		8F9650BE264E191F0043CFBF /* IntricateOperators.swift */ = {isa = PBXFileReference; lastKnownFileType = sourcecode.swift; path = IntricateOperators.swift; sourceTree = "<group>"; };
		8F9EA4A02651D39E005DCCF3 /* AviationalChizuViewController.swift */ = {isa = PBXFileReference; lastKnownFileType = sourcecode.swift; path = AviationalChizuViewController.swift; sourceTree = "<group>"; };
		8FB2FB56266C7E3800FDA46F /* Flyover+Operators.swift */ = {isa = PBXFileReference; fileEncoding = 4; lastKnownFileType = sourcecode.swift; path = "Flyover+Operators.swift"; sourceTree = "<group>"; };
		8FB2FB58266C7E3800FDA46F /* FlyoverCamera.swift */ = {isa = PBXFileReference; fileEncoding = 4; lastKnownFileType = sourcecode.swift; path = FlyoverCamera.swift; sourceTree = "<group>"; };
		8FB2FB59266C7E3800FDA46F /* FlyoverCamera+State.swift */ = {isa = PBXFileReference; fileEncoding = 4; lastKnownFileType = sourcecode.swift; path = "FlyoverCamera+State.swift"; sourceTree = "<group>"; };
		8FB2FB5A266C7E3800FDA46F /* FlyoverCamera+Configuration.swift */ = {isa = PBXFileReference; fileEncoding = 4; lastKnownFileType = sourcecode.swift; path = "FlyoverCamera+Configuration.swift"; sourceTree = "<group>"; };
		8FB2FB5B266C7E3800FDA46F /* FlyoverCamera+RegionChangeAnimation.swift */ = {isa = PBXFileReference; fileEncoding = 4; lastKnownFileType = sourcecode.swift; path = "FlyoverCamera+RegionChangeAnimation.swift"; sourceTree = "<group>"; };
		8FB2FB5C266C7E3800FDA46F /* Flyover.swift */ = {isa = PBXFileReference; fileEncoding = 4; lastKnownFileType = sourcecode.swift; path = Flyover.swift; sourceTree = "<group>"; };
		8FB2FB5E266C7E3800FDA46F /* FlyoverAwesomePlace.swift */ = {isa = PBXFileReference; fileEncoding = 4; lastKnownFileType = sourcecode.swift; path = FlyoverAwesomePlace.swift; sourceTree = "<group>"; };
		8FB2FB60266C7E3800FDA46F /* FlyoverMapView+MapType.swift */ = {isa = PBXFileReference; fileEncoding = 4; lastKnownFileType = sourcecode.swift; path = "FlyoverMapView+MapType.swift"; sourceTree = "<group>"; };
		8FB2FB61266C7E3800FDA46F /* FlyoverMapViewController.swift */ = {isa = PBXFileReference; fileEncoding = 4; lastKnownFileType = sourcecode.swift; path = FlyoverMapViewController.swift; sourceTree = "<group>"; };
		8FB2FB62266C7E3800FDA46F /* FlyoverMapView.swift */ = {isa = PBXFileReference; fileEncoding = 4; lastKnownFileType = sourcecode.swift; path = FlyoverMapView.swift; sourceTree = "<group>"; };
		8FC7FCB7264A2A2100B765BD /* LevitationalViewController.swift */ = {isa = PBXFileReference; fileEncoding = 4; lastKnownFileType = sourcecode.swift; path = LevitationalViewController.swift; sourceTree = "<group>"; };
		8FC7FCBD264A379F00B765BD /* AviationalMap.swift */ = {isa = PBXFileReference; lastKnownFileType = sourcecode.swift; path = AviationalMap.swift; sourceTree = "<group>"; };
		8FC7FCC2264A3AF200B765BD /* Levitational.swift */ = {isa = PBXFileReference; lastKnownFileType = sourcecode.swift; path = Levitational.swift; sourceTree = "<group>"; };
		8FE144DD267A35F40032AB41 /* BindBoxObservables.swift */ = {isa = PBXFileReference; lastKnownFileType = sourcecode.swift; path = BindBoxObservables.swift; sourceTree = "<group>"; };
		8FF44D04264F7DC000FECFCD /* Shashinki+State.swift */ = {isa = PBXFileReference; lastKnownFileType = sourcecode.swift; path = "Shashinki+State.swift"; sourceTree = "<group>"; };
/* End PBXFileReference section */

/* Begin PBXFrameworksBuildPhase section */
		8F42A253264A24B2004FA731 /* Frameworks */ = {
			isa = PBXFrameworksBuildPhase;
			buildActionMask = 2147483647;
			files = (
			);
			runOnlyForDeploymentPostprocessing = 0;
		};
/* End PBXFrameworksBuildPhase section */

/* Begin PBXGroup section */
		8F42A24D264A24B2004FA731 = {
			isa = PBXGroup;
			children = (
				8F42A258264A24B2004FA731 /* Levitation */,
				8F42A257264A24B2004FA731 /* Products */,
			);
			sourceTree = "<group>";
		};
		8F42A257264A24B2004FA731 /* Products */ = {
			isa = PBXGroup;
			children = (
				8F42A256264A24B2004FA731 /* Levitation.app */,
			);
			name = Products;
			sourceTree = "<group>";
		};
		8F42A258264A24B2004FA731 /* Levitation */ = {
			isa = PBXGroup;
			children = (
				8FC7FCBC264A373800B765BD /* Aviation */,
				8F6811C12651B8EC00DD07B3 /* Shashinki */,
				8FC7FCC1264A3ABE00B765BD /* Levitational */,
				8F42A271264A2930004FA731 /* Defaults */,
				8F9650BD264E18EF0043CFBF /* Helpers */,
				8F42A26F264A28F0004FA731 /* ViewControllers */,
				8F42A270264A2912004FA731 /* Views */,
				8F42A262264A24BA004FA731 /* Assets.xcassets */,
				8F42A264264A24BA004FA731 /* LaunchScreen.storyboard */,
				8FB2FB55266C7E3800FDA46F /* Sources */,
				8F42A267264A24BA004FA731 /* Info.plist */,
			);
			path = Levitation;
			sourceTree = "<group>";
		};
		8F42A26F264A28F0004FA731 /* ViewControllers */ = {
			isa = PBXGroup;
			children = (
				8FC7FCB7264A2A2100B765BD /* LevitationalViewController.swift */,
			);
			name = ViewControllers;
			sourceTree = "<group>";
		};
		8F42A270264A2912004FA731 /* Views */ = {
			isa = PBXGroup;
			children = (
				8F42A25F264A24B2004FA731 /* Main.storyboard */,
				8F816A982678442200A0C681 /* UsefulUIComponents.swift */,
			);
			name = Views;
			sourceTree = "<group>";
		};
		8F42A271264A2930004FA731 /* Defaults */ = {
			isa = PBXGroup;
			children = (
				8F42A259264A24B2004FA731 /* AppDelegate.swift */,
				8F42A25B264A24B2004FA731 /* SceneDelegate.swift */,
			);
			name = Defaults;
			sourceTree = "<group>";
		};
		8F6811C12651B8EC00DD07B3 /* Shashinki */ = {
			isa = PBXGroup;
			children = (
				8F4C2BA8264C96E40080679A /* Shashinki.swift */,
				8FF44D04264F7DC000FECFCD /* Shashinki+State.swift */,
				8F6811C22651BA1700DD07B3 /* Shashinki+Configurations.swift */,
			);
			name = Shashinki;
			sourceTree = "<group>";
		};
		8F9650BD264E18EF0043CFBF /* Helpers */ = {
			isa = PBXGroup;
			children = (
				8F9650BE264E191F0043CFBF /* IntricateOperators.swift */,
				8FE144DD267A35F40032AB41 /* BindBoxObservables.swift */,
			);
			name = Helpers;
			sourceTree = "<group>";
		};
		8FB2FB55266C7E3800FDA46F /* Sources */ = {
			isa = PBXGroup;
			children = (
				8FB2FB56266C7E3800FDA46F /* Flyover+Operators.swift */,
				8FB2FB57266C7E3800FDA46F /* Camera */,
				8FB2FB5C266C7E3800FDA46F /* Flyover.swift */,
				8FB2FB5D266C7E3800FDA46F /* AwesomePlace */,
				8FB2FB5F266C7E3800FDA46F /* MapView */,
			);
			path = Sources;
			sourceTree = "<group>";
		};
		8FB2FB57266C7E3800FDA46F /* Camera */ = {
			isa = PBXGroup;
			children = (
				8FB2FB58266C7E3800FDA46F /* FlyoverCamera.swift */,
				8FB2FB59266C7E3800FDA46F /* FlyoverCamera+State.swift */,
				8FB2FB5A266C7E3800FDA46F /* FlyoverCamera+Configuration.swift */,
				8FB2FB5B266C7E3800FDA46F /* FlyoverCamera+RegionChangeAnimation.swift */,
			);
			path = Camera;
			sourceTree = "<group>";
		};
		8FB2FB5D266C7E3800FDA46F /* AwesomePlace */ = {
			isa = PBXGroup;
			children = (
				8FB2FB5E266C7E3800FDA46F /* FlyoverAwesomePlace.swift */,
			);
			path = AwesomePlace;
			sourceTree = "<group>";
		};
		8FB2FB5F266C7E3800FDA46F /* MapView */ = {
			isa = PBXGroup;
			children = (
				8FB2FB60266C7E3800FDA46F /* FlyoverMapView+MapType.swift */,
				8FB2FB61266C7E3800FDA46F /* FlyoverMapViewController.swift */,
				8FB2FB62266C7E3800FDA46F /* FlyoverMapView.swift */,
			);
			path = MapView;
			sourceTree = "<group>";
		};
		8FC7FCBC264A373800B765BD /* Aviation */ = {
			isa = PBXGroup;
			children = (
				8FC7FCBD264A379F00B765BD /* AviationalMap.swift */,
				8F6811C72651C57E00DD07B3 /* Aviational+MapType.swift */,
				8F9EA4A02651D39E005DCCF3 /* AviationalChizuViewController.swift */,
			);
			name = Aviation;
			sourceTree = "<group>";
		};
		8FC7FCC1264A3ABE00B765BD /* Levitational */ = {
			isa = PBXGroup;
			children = (
				8FC7FCC2264A3AF200B765BD /* Levitational.swift */,
			);
			name = Levitational;
			sourceTree = "<group>";
		};
/* End PBXGroup section */

/* Begin PBXNativeTarget section */
		8F42A255264A24B2004FA731 /* Levitation */ = {
			isa = PBXNativeTarget;
			buildConfigurationList = 8F42A26A264A24BA004FA731 /* Build configuration list for PBXNativeTarget "Levitation" */;
			buildPhases = (
				8F42A252264A24B2004FA731 /* Sources */,
				8F42A253264A24B2004FA731 /* Frameworks */,
				8F42A254264A24B2004FA731 /* Resources */,
			);
			buildRules = (
			);
			dependencies = (
			);
			name = Levitation;
			productName = Levitation;
			productReference = 8F42A256264A24B2004FA731 /* Levitation.app */;
			productType = "com.apple.product-type.application";
		};
/* End PBXNativeTarget section */

/* Begin PBXProject section */
		8F42A24E264A24B2004FA731 /* Project object */ = {
			isa = PBXProject;
			attributes = {
				LastSwiftUpdateCheck = 1220;
				LastUpgradeCheck = 1220;
				TargetAttributes = {
					8F42A255264A24B2004FA731 = {
						CreatedOnToolsVersion = 12.2;
					};
				};
			};
			buildConfigurationList = 8F42A251264A24B2004FA731 /* Build configuration list for PBXProject "Levitation" */;
			compatibilityVersion = "Xcode 9.3";
			developmentRegion = en;
			hasScannedForEncodings = 0;
			knownRegions = (
				en,
				Base,
			);
			mainGroup = 8F42A24D264A24B2004FA731;
			productRefGroup = 8F42A257264A24B2004FA731 /* Products */;
			projectDirPath = "";
			projectRoot = "";
			targets = (
				8F42A255264A24B2004FA731 /* Levitation */,
			);
		};
/* End PBXProject section */

/* Begin PBXResourcesBuildPhase section */
		8F42A254264A24B2004FA731 /* Resources */ = {
			isa = PBXResourcesBuildPhase;
			buildActionMask = 2147483647;
			files = (
				8F42A266264A24BA004FA731 /* LaunchScreen.storyboard in Resources */,
				8F42A263264A24BA004FA731 /* Assets.xcassets in Resources */,
				8F42A261264A24B2004FA731 /* Main.storyboard in Resources */,
			);
			runOnlyForDeploymentPostprocessing = 0;
		};
/* End PBXResourcesBuildPhase section */

/* Begin PBXSourcesBuildPhase section */
		8F42A252264A24B2004FA731 /* Sources */ = {
			isa = PBXSourcesBuildPhase;
			buildActionMask = 2147483647;
			files = (
				8FB2FB68266C7E3900FDA46F /* Flyover.swift in Sources */,
				8FB2FB6A266C7E3900FDA46F /* FlyoverMapView+MapType.swift in Sources */,
				8F4C2BA9264C96E40080679A /* Shashinki.swift in Sources */,
				8FC7FCC3264A3AF200B765BD /* Levitational.swift in Sources */,
				8FB2FB65266C7E3900FDA46F /* FlyoverCamera+State.swift in Sources */,
				8FB2FB6B266C7E3900FDA46F /* FlyoverMapViewController.swift in Sources */,
				8FF44D05264F7DC000FECFCD /* Shashinki+State.swift in Sources */,
				8FE144DE267A35F40032AB41 /* BindBoxObservables.swift in Sources */,
				8F816A992678442200A0C681 /* UsefulUIComponents.swift in Sources */,
				8F6811C82651C57E00DD07B3 /* Aviational+MapType.swift in Sources */,
				8FB2FB64266C7E3800FDA46F /* FlyoverCamera.swift in Sources */,
				8F9EA4A12651D39E005DCCF3 /* AviationalChizuViewController.swift in Sources */,
				8FC7FCBE264A379F00B765BD /* AviationalMap.swift in Sources */,
				8FB2FB69266C7E3900FDA46F /* FlyoverAwesomePlace.swift in Sources */,
				8F42A25A264A24B2004FA731 /* AppDelegate.swift in Sources */,
				8FB2FB67266C7E3900FDA46F /* FlyoverCamera+RegionChangeAnimation.swift in Sources */,
				8FB2FB63266C7E3800FDA46F /* Flyover+Operators.swift in Sources */,
				8FB2FB6C266C7E3900FDA46F /* FlyoverMapView.swift in Sources */,
				8FC7FCB8264A2A2300B765BD /* LevitationalViewController.swift in Sources */,
				8F6811C32651BA1700DD07B3 /* Shashinki+Configurations.swift in Sources */,
				8FB2FB66266C7E3900FDA46F /* FlyoverCamera+Configuration.swift in Sources */,
				8F42A25C264A24B2004FA731 /* SceneDelegate.swift in Sources */,
				8F9650BF264E191F0043CFBF /* IntricateOperators.swift in Sources */,
			);
			runOnlyForDeploymentPostprocessing = 0;
		};
/* End PBXSourcesBuildPhase section */

/* Begin PBXVariantGroup section */
		8F42A25F264A24B2004FA731 /* Main.storyboard */ = {
			isa = PBXVariantGroup;
			children = (
				8F42A260264A24B2004FA731 /* Base */,
			);
			name = Main.storyboard;
			sourceTree = "<group>";
		};
		8F42A264264A24BA004FA731 /* LaunchScreen.storyboard */ = {
			isa = PBXVariantGroup;
			children = (
				8F42A265264A24BA004FA731 /* Base */,
			);
			name = LaunchScreen.storyboard;
			sourceTree = "<group>";
		};
/* End PBXVariantGroup section */

/* Begin XCBuildConfiguration section */
		8F42A268264A24BA004FA731 /* Debug */ = {
			isa = XCBuildConfiguration;
			buildSettings = {
				ALWAYS_SEARCH_USER_PATHS = NO;
				CLANG_ANALYZER_NONNULL = YES;
				CLANG_ANALYZER_NUMBER_OBJECT_CONVERSION = YES_AGGRESSIVE;
				CLANG_CXX_LANGUAGE_STANDARD = "gnu++14";
				CLANG_CXX_LIBRARY = "libc++";
				CLANG_ENABLE_MODULES = YES;
				CLANG_ENABLE_OBJC_ARC = YES;
				CLANG_ENABLE_OBJC_WEAK = YES;
				CLANG_WARN_BLOCK_CAPTURE_AUTORELEASING = YES;
				CLANG_WARN_BOOL_CONVERSION = YES;
				CLANG_WARN_COMMA = YES;
				CLANG_WARN_CONSTANT_CONVERSION = YES;
				CLANG_WARN_DEPRECATED_OBJC_IMPLEMENTATIONS = YES;
				CLANG_WARN_DIRECT_OBJC_ISA_USAGE = YES_ERROR;
				CLANG_WARN_DOCUMENTATION_COMMENTS = YES;
				CLANG_WARN_EMPTY_BODY = YES;
				CLANG_WARN_ENUM_CONVERSION = YES;
				CLANG_WARN_INFINITE_RECURSION = YES;
				CLANG_WARN_INT_CONVERSION = YES;
				CLANG_WARN_NON_LITERAL_NULL_CONVERSION = YES;
				CLANG_WARN_OBJC_IMPLICIT_RETAIN_SELF = YES;
				CLANG_WARN_OBJC_LITERAL_CONVERSION = YES;
				CLANG_WARN_OBJC_ROOT_CLASS = YES_ERROR;
				CLANG_WARN_QUOTED_INCLUDE_IN_FRAMEWORK_HEADER = YES;
				CLANG_WARN_RANGE_LOOP_ANALYSIS = YES;
				CLANG_WARN_STRICT_PROTOTYPES = YES;
				CLANG_WARN_SUSPICIOUS_MOVE = YES;
				CLANG_WARN_UNGUARDED_AVAILABILITY = YES_AGGRESSIVE;
				CLANG_WARN_UNREACHABLE_CODE = YES;
				CLANG_WARN__DUPLICATE_METHOD_MATCH = YES;
				COPY_PHASE_STRIP = NO;
				DEBUG_INFORMATION_FORMAT = dwarf;
				ENABLE_STRICT_OBJC_MSGSEND = YES;
				ENABLE_TESTABILITY = YES;
				GCC_C_LANGUAGE_STANDARD = gnu11;
				GCC_DYNAMIC_NO_PIC = NO;
				GCC_NO_COMMON_BLOCKS = YES;
				GCC_OPTIMIZATION_LEVEL = 0;
				GCC_PREPROCESSOR_DEFINITIONS = (
					"DEBUG=1",
					"$(inherited)",
				);
				GCC_WARN_64_TO_32_BIT_CONVERSION = YES;
				GCC_WARN_ABOUT_RETURN_TYPE = YES_ERROR;
				GCC_WARN_UNDECLARED_SELECTOR = YES;
				GCC_WARN_UNINITIALIZED_AUTOS = YES_AGGRESSIVE;
				GCC_WARN_UNUSED_FUNCTION = YES;
				GCC_WARN_UNUSED_VARIABLE = YES;
				IPHONEOS_DEPLOYMENT_TARGET = 14.2;
				MTL_ENABLE_DEBUG_INFO = INCLUDE_SOURCE;
				MTL_FAST_MATH = YES;
				ONLY_ACTIVE_ARCH = YES;
				SDKROOT = iphoneos;
				SWIFT_ACTIVE_COMPILATION_CONDITIONS = DEBUG;
				SWIFT_OPTIMIZATION_LEVEL = "-Onone";
			};
			name = Debug;
		};
		8F42A269264A24BA004FA731 /* Release */ = {
			isa = XCBuildConfiguration;
			buildSettings = {
				ALWAYS_SEARCH_USER_PATHS = NO;
				CLANG_ANALYZER_NONNULL = YES;
				CLANG_ANALYZER_NUMBER_OBJECT_CONVERSION = YES_AGGRESSIVE;
				CLANG_CXX_LANGUAGE_STANDARD = "gnu++14";
				CLANG_CXX_LIBRARY = "libc++";
				CLANG_ENABLE_MODULES = YES;
				CLANG_ENABLE_OBJC_ARC = YES;
				CLANG_ENABLE_OBJC_WEAK = YES;
				CLANG_WARN_BLOCK_CAPTURE_AUTORELEASING = YES;
				CLANG_WARN_BOOL_CONVERSION = YES;
				CLANG_WARN_COMMA = YES;
				CLANG_WARN_CONSTANT_CONVERSION = YES;
				CLANG_WARN_DEPRECATED_OBJC_IMPLEMENTATIONS = YES;
				CLANG_WARN_DIRECT_OBJC_ISA_USAGE = YES_ERROR;
				CLANG_WARN_DOCUMENTATION_COMMENTS = YES;
				CLANG_WARN_EMPTY_BODY = YES;
				CLANG_WARN_ENUM_CONVERSION = YES;
				CLANG_WARN_INFINITE_RECURSION = YES;
				CLANG_WARN_INT_CONVERSION = YES;
				CLANG_WARN_NON_LITERAL_NULL_CONVERSION = YES;
				CLANG_WARN_OBJC_IMPLICIT_RETAIN_SELF = YES;
				CLANG_WARN_OBJC_LITERAL_CONVERSION = YES;
				CLANG_WARN_OBJC_ROOT_CLASS = YES_ERROR;
				CLANG_WARN_QUOTED_INCLUDE_IN_FRAMEWORK_HEADER = YES;
				CLANG_WARN_RANGE_LOOP_ANALYSIS = YES;
				CLANG_WARN_STRICT_PROTOTYPES = YES;
				CLANG_WARN_SUSPICIOUS_MOVE = YES;
				CLANG_WARN_UNGUARDED_AVAILABILITY = YES_AGGRESSIVE;
				CLANG_WARN_UNREACHABLE_CODE = YES;
				CLANG_WARN__DUPLICATE_METHOD_MATCH = YES;
				COPY_PHASE_STRIP = NO;
				DEBUG_INFORMATION_FORMAT = "dwarf-with-dsym";
				ENABLE_NS_ASSERTIONS = NO;
				ENABLE_STRICT_OBJC_MSGSEND = YES;
				GCC_C_LANGUAGE_STANDARD = gnu11;
				GCC_NO_COMMON_BLOCKS = YES;
				GCC_WARN_64_TO_32_BIT_CONVERSION = YES;
				GCC_WARN_ABOUT_RETURN_TYPE = YES_ERROR;
				GCC_WARN_UNDECLARED_SELECTOR = YES;
				GCC_WARN_UNINITIALIZED_AUTOS = YES_AGGRESSIVE;
				GCC_WARN_UNUSED_FUNCTION = YES;
				GCC_WARN_UNUSED_VARIABLE = YES;
				IPHONEOS_DEPLOYMENT_TARGET = 14.2;
				MTL_ENABLE_DEBUG_INFO = NO;
				MTL_FAST_MATH = YES;
				SDKROOT = iphoneos;
				SWIFT_COMPILATION_MODE = wholemodule;
				SWIFT_OPTIMIZATION_LEVEL = "-O";
				VALIDATE_PRODUCT = YES;
			};
			name = Release;
		};
		8F42A26B264A24BA004FA731 /* Debug */ = {
			isa = XCBuildConfiguration;
			buildSettings = {
				ASSETCATALOG_COMPILER_APPICON_NAME = AppIcon;
				ASSETCATALOG_COMPILER_GLOBAL_ACCENT_COLOR_NAME = AccentColor;
				CODE_SIGN_STYLE = Automatic;
				DEVELOPMENT_TEAM = FQGTQT3UZ8;
				INFOPLIST_FILE = Levitation/Info.plist;
				LD_RUNPATH_SEARCH_PATHS = (
					"$(inherited)",
					"@executable_path/Frameworks",
				);
				PRODUCT_BUNDLE_IDENTIFIER = com.jer.explosion.Levitation;
				PRODUCT_NAME = "$(TARGET_NAME)";
				SWIFT_VERSION = 5.0;
				TARGETED_DEVICE_FAMILY = "1,2";
			};
			name = Debug;
		};
		8F42A26C264A24BA004FA731 /* Release */ = {
			isa = XCBuildConfiguration;
			buildSettings = {
				ASSETCATALOG_COMPILER_APPICON_NAME = AppIcon;
				ASSETCATALOG_COMPILER_GLOBAL_ACCENT_COLOR_NAME = AccentColor;
				CODE_SIGN_STYLE = Automatic;
				DEVELOPMENT_TEAM = FQGTQT3UZ8;
				INFOPLIST_FILE = Levitation/Info.plist;
				LD_RUNPATH_SEARCH_PATHS = (
					"$(inherited)",
					"@executable_path/Frameworks",
				);
				PRODUCT_BUNDLE_IDENTIFIER = com.jer.explosion.Levitation;
				PRODUCT_NAME = "$(TARGET_NAME)";
				SWIFT_VERSION = 5.0;
				TARGETED_DEVICE_FAMILY = "1,2";
			};
			name = Release;
		};
/* End XCBuildConfiguration section */

/* Begin XCConfigurationList section */
		8F42A251264A24B2004FA731 /* Build configuration list for PBXProject "Levitation" */ = {
			isa = XCConfigurationList;
			buildConfigurations = (
				8F42A268264A24BA004FA731 /* Debug */,
				8F42A269264A24BA004FA731 /* Release */,
			);
			defaultConfigurationIsVisible = 0;
			defaultConfigurationName = Release;
		};
		8F42A26A264A24BA004FA731 /* Build configuration list for PBXNativeTarget "Levitation" */ = {
			isa = XCConfigurationList;
			buildConfigurations = (
				8F42A26B264A24BA004FA731 /* Debug */,
				8F42A26C264A24BA004FA731 /* Release */,
			);
			defaultConfigurationIsVisible = 0;
			defaultConfigurationName = Release;
		};
/* End XCConfigurationList section */
	};
	rootObject = 8F42A24E264A24B2004FA731 /* Project object */;
}
